{
  "name": "@keyban/mui-theme",
  "version": "1.0.0",
  "lockfileVersion": 3,
  "requires": true,
  "packages": {
    "": {
      "name": "@keyban/mui-theme",
      "version": "1.0.0",
      "license": "ISC",
      "dependencies": {
        "@emotion/react": "^11.13.3",
        "@emotion/styled": "^11.13.0",
        "@fontsource/outfit": "^5.0.14",
        "@mui/material": "^6.0.2"
      }
    },
    "../../node_modules/.pnpm/@emotion+react@11.13.3_@types+react@18.3.3_react@18.3.1/node_modules/@emotion/react": {
      "version": "11.13.3",
      "license": "MIT",
      "dependencies": {
        "@babel/runtime": "^7.18.3",
        "@emotion/babel-plugin": "^11.12.0",
        "@emotion/cache": "^11.13.0",
        "@emotion/serialize": "^1.3.1",
        "@emotion/use-insertion-effect-with-fallbacks": "^1.1.0",
        "@emotion/utils": "^1.4.0",
        "@emotion/weak-memoize": "^0.4.0",
        "hoist-non-react-statics": "^3.3.1"
      },
      "devDependencies": {
        "@definitelytyped/dtslint": "0.0.112",
        "@emotion/css": "11.13.0",
        "@emotion/css-prettifier": "1.1.4",
        "@emotion/server": "11.11.0",
        "@emotion/styled": "11.13.0",
        "html-tag-names": "^1.1.2",
        "react": "16.14.0",
        "svg-tag-names": "^1.1.1",
        "typescript": "^5.4.5"
      },
      "peerDependencies": {
        "react": ">=16.8.0"
      },
      "peerDependenciesMeta": {
        "@types/react": {
          "optional": true
        }
      }
    },
    "../../node_modules/.pnpm/@emotion+styled@11.13.0_@emotion+react@11.13.3_@types+react@18.3.3_react@18.3.1__@types+react@18.3.3_react@18.3.1/node_modules/@emotion/styled": {
      "version": "11.13.0",
      "license": "MIT",
      "dependencies": {
        "@babel/runtime": "^7.18.3",
        "@emotion/babel-plugin": "^11.12.0",
        "@emotion/is-prop-valid": "^1.3.0",
        "@emotion/serialize": "^1.3.0",
        "@emotion/use-insertion-effect-with-fallbacks": "^1.1.0",
        "@emotion/utils": "^1.4.0"
      },
      "devDependencies": {
        "@definitelytyped/dtslint": "0.0.112",
        "@emotion/react": "11.13.0",
        "react": "16.14.0",
        "typescript": "^5.4.5"
      },
      "peerDependencies": {
        "@emotion/react": "^11.0.0-rc.0",
        "react": ">=16.8.0"
      },
      "peerDependenciesMeta": {
        "@types/react": {
          "optional": true
        }
      }
    },
    "../../node_modules/.pnpm/@mui+material@6.0.2_@emotion+react@11.13.3_@types+react@18.3.3_react@18.3.1__@emotion+styled@_tl5xeeba6ldidwmbwmky54vohm/node_modules/@mui/material": {
      "version": "6.0.2",
      "license": "MIT",
      "dependencies": {
        "@babel/runtime": "^7.25.0",
        "@mui/core-downloads-tracker": "^6.0.2",
        "@mui/system": "^6.0.2",
        "@mui/types": "^7.2.16",
        "@mui/utils": "^6.0.2",
        "@popperjs/core": "^2.11.8",
        "@types/react-transition-group": "^4.4.11",
        "clsx": "^2.1.1",
        "csstype": "^3.1.3",
        "prop-types": "^15.8.1",
        "react-is": "^18.3.1",
        "react-transition-group": "^4.4.5"
      },
      "engines": {
        "node": ">=14.0.0"
      },
      "funding": {
        "type": "opencollective",
        "url": "https://opencollective.com/mui-org"
      },
      "peerDependencies": {
        "@emotion/react": "^11.5.0",
        "@emotion/styled": "^11.3.0",
        "@mui/material-pigment-css": "^6.0.2",
        "@types/react": "^17.0.0 || ^18.0.0 || ^19.0.0",
        "react": "^17.0.0 || ^18.0.0 || ^19.0.0",
        "react-dom": "^17.0.0 || ^18.0.0 || ^19.0.0"
      },
      "peerDependenciesMeta": {
        "@emotion/react": {
          "optional": true
        },
        "@emotion/styled": {
          "optional": true
        },
        "@mui/material-pigment-css": {
          "optional": true
        },
        "@types/react": {
          "optional": true
        }
      }
    },
    "node_modules/@emotion/react": {
      "resolved": "../../node_modules/.pnpm/@emotion+react@11.13.3_@types+react@18.3.3_react@18.3.1/node_modules/@emotion/react",
      "link": true
    },
    "node_modules/@emotion/styled": {
      "resolved": "../../node_modules/.pnpm/@emotion+styled@11.13.0_@emotion+react@11.13.3_@types+react@18.3.3_react@18.3.1__@types+react@18.3.3_react@18.3.1/node_modules/@emotion/styled",
      "link": true
    },
    "node_modules/@fontsource/outfit": {
      "version": "5.0.14",
      "resolved": "https://registry.npmjs.org/@fontsource/outfit/-/outfit-5.0.14.tgz",
      "integrity": "sha512-GVxAiTRl4lqvM2nNaW03sDPk1QL/4wOF2TZZOLghH5f4j4+yyZDrNXA16kietWaxnFqnZFnmctQTBQ1T8mi7OQ==",
      "license": "OFL-1.1"
    },
    "node_modules/@mui/material": {
      "resolved": "../../node_modules/.pnpm/@mui+material@6.0.2_@emotion+react@11.13.3_@types+react@18.3.3_react@18.3.1__@emotion+styled@_tl5xeeba6ldidwmbwmky54vohm/node_modules/@mui/material",
      "link": true
    }
  }
}
