{
  "version": "v1",
  "packages": {
    "@keyban/sdk-react-native": {
      "signature": "8baacd98534d727449e597b52f7fa730"
    },
    "@keyban/sdk-base": {
      "signature": "88b8c5791b6006d6ac17c0294398bdd4"
    },
    "eddsa-wasm-client": {
      "signature": "2be007a5ccf19d93d17343057c5a2add"
    }
  }
}