{
  "version": "v1",
  "packages": {
    "@keyban/sdk-react-native": {
      "signature": "9c02164ce6ed6d43aff09965d98f2a83"
    },
    "@keyban/sdk-base": {
      "signature": "17a5aaa578527dbda5e4dbc5412f829a"
    },
    "eddsa-wasm-client": {
      "signature": "2be007a5ccf19d93d17343057c5a2add"
    }
  }
}
