{
  "version": "v1",
  "packages": {
    "@keyban/sdk-react-native": {
      "signature": "9c02164ce6ed6d43aff09965d98f2a83"
    },
    "@keyban/sdk-base": {
      "signature": "c9c5ad6ce18bdc2a3dc0e0bf8943b758"
    },
    "eddsa-wasm-client": {
      "signature": "2be007a5ccf19d93d17343057c5a2add"
    }
  }
}