{
  "name": "@keyban/sdk-base",
  "version": "0.0.0",
  "lockfileVersion": 3,
  "requires": true,
  "packages": {
    "": {
      "name": "@keyban/sdk-base",
      "version": "0.0.0",
      "license": "Apache-2.0",
      "dependencies": {
        "@keyban/ecdsa-wasm-client": "^0.0.1",
        "viem": "^2.20.0"
      },
      "devDependencies": {
        "@changesets/changelog-github": "^0.5.0",
        "@changesets/cli": "^2.27.1",
        "@graphql-codegen/cli": "^5.0.2",
        "@graphql-codegen/near-operation-file-preset": "^3.0.0",
        "@graphql-codegen/typescript-generic-sdk": "^4.0.1",
        "@types/node": "^20.16.0",
        "prettier": "^3.3.3",
        "tsup": "^8.0.2",
        "typescript": "^5.4.5"
      }
    },
    "../../node_modules/.pnpm/@changesets+changelog-github@0.5.0/node_modules/@changesets/changelog-github": {
      "version": "0.5.0",
      "dev": true,
      "license": "MIT",
      "dependencies": {
        "@changesets/get-github-info": "^0.6.0",
        "@changesets/types": "^6.0.0",
        "dotenv": "^8.1.0"
      },
      "devDependencies": {
        "@changesets/parse": "*"
      }
    },
    "../../node_modules/.pnpm/@changesets+cli@2.27.8/node_modules/@changesets/cli": {
      "version": "2.27.8",
      "dev": true,
      "license": "MIT",
      "dependencies": {
        "@changesets/apply-release-plan": "^7.0.5",
        "@changesets/assemble-release-plan": "^6.0.4",
        "@changesets/changelog-git": "^0.2.0",
        "@changesets/config": "^3.0.3",
        "@changesets/errors": "^0.2.0",
        "@changesets/get-dependents-graph": "^2.1.2",
        "@changesets/get-release-plan": "^4.0.4",
        "@changesets/git": "^3.0.1",
        "@changesets/logger": "^0.1.1",
        "@changesets/pre": "^2.0.1",
        "@changesets/read": "^0.6.1",
        "@changesets/should-skip-package": "^0.1.1",
        "@changesets/types": "^6.0.0",
        "@changesets/write": "^0.3.2",
        "@manypkg/get-packages": "^1.1.3",
        "@types/semver": "^7.5.0",
        "ansi-colors": "^4.1.3",
        "ci-info": "^3.7.0",
        "enquirer": "^2.3.0",
        "external-editor": "^3.1.0",
        "fs-extra": "^7.0.1",
        "mri": "^1.2.0",
        "outdent": "^0.5.0",
        "p-limit": "^2.2.0",
        "package-manager-detector": "^0.2.0",
        "picocolors": "^1.1.0",
        "resolve-from": "^5.0.0",
        "semver": "^7.5.3",
        "spawndamnit": "^2.0.0",
        "term-size": "^2.1.0"
      },
      "bin": {
        "changeset": "bin.js"
      },
      "devDependencies": {
        "@changesets/parse": "*",
        "@changesets/test-utils": "*",
        "human-id": "^1.0.2",
        "strip-ansi": "^5.2.0"
      }
    },
    "../../node_modules/.pnpm/@graphql-codegen+cli@5.0.2_@types+node@20.16.10_enquirer@2.4.1_graphql@16.9.0_typescript@5.6.2/node_modules/@graphql-codegen/cli": {
      "version": "5.0.2",
      "dev": true,
      "license": "MIT",
      "dependencies": {
        "@babel/generator": "^7.18.13",
        "@babel/template": "^7.18.10",
        "@babel/types": "^7.18.13",
        "@graphql-codegen/client-preset": "^4.2.2",
        "@graphql-codegen/core": "^4.0.2",
        "@graphql-codegen/plugin-helpers": "^5.0.3",
        "@graphql-tools/apollo-engine-loader": "^8.0.0",
        "@graphql-tools/code-file-loader": "^8.0.0",
        "@graphql-tools/git-loader": "^8.0.0",
        "@graphql-tools/github-loader": "^8.0.0",
        "@graphql-tools/graphql-file-loader": "^8.0.0",
        "@graphql-tools/json-file-loader": "^8.0.0",
        "@graphql-tools/load": "^8.0.0",
        "@graphql-tools/prisma-loader": "^8.0.0",
        "@graphql-tools/url-loader": "^8.0.0",
        "@graphql-tools/utils": "^10.0.0",
        "@whatwg-node/fetch": "^0.8.0",
        "chalk": "^4.1.0",
        "cosmiconfig": "^8.1.3",
        "debounce": "^1.2.0",
        "detect-indent": "^6.0.0",
        "graphql-config": "^5.0.2",
        "inquirer": "^8.0.0",
        "is-glob": "^4.0.1",
        "jiti": "^1.17.1",
        "json-to-pretty-yaml": "^1.2.2",
        "listr2": "^4.0.5",
        "log-symbols": "^4.0.0",
        "micromatch": "^4.0.5",
        "shell-quote": "^1.7.3",
        "string-env-interpolation": "^1.0.1",
        "ts-log": "^2.2.3",
        "tslib": "^2.4.0",
        "yaml": "^2.3.1",
        "yargs": "^17.0.0"
      },
      "bin": {
        "gql-gen": "cjs/bin.js",
        "graphql-code-generator": "cjs/bin.js",
        "graphql-codegen": "cjs/bin.js",
        "graphql-codegen-esm": "esm/bin.js"
      },
      "peerDependencies": {
        "@parcel/watcher": "^2.1.0",
        "graphql": "^0.8.0 || ^0.9.0 || ^0.10.0 || ^0.11.0 || ^0.12.0 || ^0.13.0 || ^14.0.0 || ^15.0.0 || ^16.0.0"
      },
      "peerDependenciesMeta": {
        "@parcel/watcher": {
          "optional": true
        }
      }
    },
    "../../node_modules/.pnpm/@graphql-codegen+near-operation-file-preset@3.0.0_graphql@16.9.0/node_modules/@graphql-codegen/near-operation-file-preset": {
      "version": "3.0.0",
      "dev": true,
      "license": "MIT",
      "dependencies": {
        "@graphql-codegen/add": "^3.2.1",
        "@graphql-codegen/plugin-helpers": "^3.0.0",
        "@graphql-codegen/visitor-plugin-common": "2.13.1",
        "@graphql-tools/utils": "^10.0.0",
        "parse-filepath": "^1.0.2",
        "tslib": "~2.6.0"
      },
      "engines": {
        "node": ">= 16.0.0"
      },
      "peerDependencies": {
        "graphql": "^0.8.0 || ^0.9.0 || ^0.10.0 || ^0.11.0 || ^0.12.0 || ^0.13.0 || ^14.0.0 || ^15.0.0 || ^16.0.0"
      }
    },
    "../../node_modules/.pnpm/@graphql-codegen+typescript-generic-sdk@4.0.1_graphql-tag@2.12.6_graphql@16.9.0__graphql@16.9.0/node_modules/@graphql-codegen/typescript-generic-sdk": {
      "version": "4.0.1",
      "dev": true,
      "license": "MIT",
      "dependencies": {
        "@graphql-codegen/plugin-helpers": "^3.0.0",
        "@graphql-codegen/visitor-plugin-common": "2.13.1",
        "auto-bind": "~4.0.0",
        "tslib": "~2.6.0"
      },
      "engines": {
        "node": ">= 16.0.0"
      },
      "peerDependencies": {
        "graphql": "^0.8.0 || ^0.9.0 || ^0.10.0 || ^0.11.0 || ^0.12.0 || ^0.13.0 || ^14.0.0 || ^15.0.0 || ^16.0.0",
        "graphql-tag": "^2.0.0"
      }
    },
    "../../node_modules/.pnpm/@types+node@20.16.10/node_modules/@types/node": {
      "version": "20.16.10",
      "dev": true,
      "license": "MIT",
      "dependencies": {
        "undici-types": "~6.19.2"
      }
    },
    "../../node_modules/.pnpm/prettier@3.3.3/node_modules/prettier": {
      "version": "3.3.3",
      "dev": true,
      "license": "MIT",
      "bin": {
        "prettier": "bin/prettier.cjs"
      },
      "engines": {
        "node": ">=14"
      },
      "funding": {
        "url": "https://github.com/prettier/prettier?sponsor=1"
      }
    },
    "../../node_modules/.pnpm/tsup@8.3.0_@swc+core@1.7.26_jiti@2.0.0_postcss@8.4.47_typescript@5.6.2_yaml@2.5.1/node_modules/tsup": {
      "version": "8.3.0",
      "dev": true,
      "license": "MIT",
      "dependencies": {
        "bundle-require": "^5.0.0",
        "cac": "^6.7.14",
        "chokidar": "^3.6.0",
        "consola": "^3.2.3",
        "debug": "^4.3.5",
        "esbuild": "^0.23.0",
        "execa": "^5.1.1",
        "joycon": "^3.1.1",
        "picocolors": "^1.0.1",
        "postcss-load-config": "^6.0.1",
        "resolve-from": "^5.0.0",
        "rollup": "^4.19.0",
        "source-map": "0.8.0-beta.0",
        "sucrase": "^3.35.0",
        "tinyglobby": "^0.2.1",
        "tree-kill": "^1.2.2"
      },
      "bin": {
        "tsup": "dist/cli-default.js",
        "tsup-node": "dist/cli-node.js"
      },
      "devDependencies": {
        "@microsoft/api-extractor": "^7.47.2",
        "@rollup/plugin-json": "6.1.0",
        "@swc/core": "1.7.0",
        "@types/debug": "4.1.12",
        "@types/fs-extra": "11.0.4",
        "@types/node": "20.14.11",
        "@types/resolve": "1.20.6",
        "flat": "6.0.1",
        "fs-extra": "11.2.0",
        "postcss": "8.4.39",
        "postcss-simple-vars": "7.0.1",
        "prettier": "3.3.3",
        "resolve": "1.22.8",
        "rollup-plugin-dts": "6.1.1",
        "sass": "1.77.8",
        "strip-json-comments": "5.0.1",
        "svelte": "3.49.0",
        "svelte-preprocess": "5.0.3",
        "terser": "^5.31.3",
        "ts-essentials": "10.0.1",
        "tsup": "8.2.1",
        "typescript": "5.5.3",
        "vitest": "2.0.3",
        "wait-for-expect": "3.0.2"
      },
      "engines": {
        "node": ">=18"
      },
      "peerDependencies": {
        "@microsoft/api-extractor": "^7.36.0",
        "@swc/core": "^1",
        "postcss": "^8.4.12",
        "typescript": ">=4.5.0"
      },
      "peerDependenciesMeta": {
        "@microsoft/api-extractor": {
          "optional": true
        },
        "@swc/core": {
          "optional": true
        },
        "postcss": {
          "optional": true
        },
        "typescript": {
          "optional": true
        }
      }
    },
    "../../node_modules/.pnpm/typescript@5.6.2/node_modules/typescript": {
      "version": "5.6.2",
      "dev": true,
      "license": "Apache-2.0",
      "bin": {
        "tsc": "bin/tsc",
        "tsserver": "bin/tsserver"
      },
      "devDependencies": {
        "@dprint/formatter": "^0.4.1",
        "@dprint/typescript": "0.91.6",
        "@esfx/canceltoken": "^1.0.0",
        "@eslint/js": "^9.9.0",
        "@octokit/rest": "^21.0.1",
        "@types/chai": "^4.3.17",
        "@types/diff": "^5.2.1",
        "@types/minimist": "^1.2.5",
        "@types/mocha": "^10.0.7",
        "@types/ms": "^0.7.34",
        "@types/node": "latest",
        "@types/source-map-support": "^0.5.10",
        "@types/which": "^3.0.4",
        "@typescript-eslint/rule-tester": "^8.1.0",
        "@typescript-eslint/type-utils": "^8.1.0",
        "@typescript-eslint/utils": "^8.1.0",
        "azure-devops-node-api": "^14.0.2",
        "c8": "^10.1.2",
        "chai": "^4.5.0",
        "chalk": "^4.1.2",
        "chokidar": "^3.6.0",
        "diff": "^5.2.0",
        "dprint": "^0.47.2",
        "esbuild": "^0.23.0",
        "eslint": "^9.9.0",
        "eslint-formatter-autolinkable-stylish": "^1.4.0",
        "eslint-plugin-regexp": "^2.6.0",
        "fast-xml-parser": "^4.4.1",
        "glob": "^10.4.5",
        "globals": "^15.9.0",
        "hereby": "^1.9.0",
        "jsonc-parser": "^3.3.1",
        "knip": "^5.27.2",
        "minimist": "^1.2.8",
        "mocha": "^10.7.3",
        "mocha-fivemat-progress-reporter": "^0.1.0",
        "monocart-coverage-reports": "^2.10.2",
        "ms": "^2.1.3",
        "node-fetch": "^3.3.2",
        "playwright": "^1.46.0",
        "source-map-support": "^0.5.21",
        "tslib": "^2.6.3",
        "typescript": "^5.5.4",
        "typescript-eslint": "^8.1.0",
        "which": "^3.0.1"
      },
      "engines": {
        "node": ">=14.17"
      }
    },
    "../../node_modules/.pnpm/viem@2.21.16_typescript@5.6.2/node_modules/viem": {
      "version": "2.21.16",
      "funding": [
        {
          "type": "github",
          "url": "https://github.com/sponsors/wevm"
        }
      ],
      "license": "MIT",
      "dependencies": {
        "@adraffy/ens-normalize": "1.10.0",
        "@noble/curves": "1.4.0",
        "@noble/hashes": "1.4.0",
        "@scure/bip32": "1.4.0",
        "@scure/bip39": "1.4.0",
        "abitype": "1.0.5",
        "isows": "1.0.4",
        "webauthn-p256": "0.0.5",
        "ws": "8.17.1"
      },
      "peerDependencies": {
        "typescript": ">=5.0.4"
      },
      "peerDependenciesMeta": {
        "typescript": {
          "optional": true
        }
      }
    },
    "node_modules/@changesets/changelog-github": {
      "resolved": "../../node_modules/.pnpm/@changesets+changelog-github@0.5.0/node_modules/@changesets/changelog-github",
      "link": true
    },
    "node_modules/@changesets/cli": {
      "resolved": "../../node_modules/.pnpm/@changesets+cli@2.27.8/node_modules/@changesets/cli",
      "link": true
    },
    "node_modules/@graphql-codegen/cli": {
      "resolved": "../../node_modules/.pnpm/@graphql-codegen+cli@5.0.2_@types+node@20.16.10_enquirer@2.4.1_graphql@16.9.0_typescript@5.6.2/node_modules/@graphql-codegen/cli",
      "link": true
    },
    "node_modules/@graphql-codegen/near-operation-file-preset": {
      "resolved": "../../node_modules/.pnpm/@graphql-codegen+near-operation-file-preset@3.0.0_graphql@16.9.0/node_modules/@graphql-codegen/near-operation-file-preset",
      "link": true
    },
    "node_modules/@graphql-codegen/typescript-generic-sdk": {
      "resolved": "../../node_modules/.pnpm/@graphql-codegen+typescript-generic-sdk@4.0.1_graphql-tag@2.12.6_graphql@16.9.0__graphql@16.9.0/node_modules/@graphql-codegen/typescript-generic-sdk",
      "link": true
    },
    "node_modules/@keyban/ecdsa-wasm-client": {
      "version": "0.0.1",
      "resolved": "https://registry.npmjs.org/@keyban/ecdsa-wasm-client/-/ecdsa-wasm-client-0.0.1.tgz",
      "integrity": "sha512-8/beYI4NuY+BQdX86J5L5LRhFpAneGwoHA5rJ29U8cCjLrII047ESf6jA+L0vIsHpn1CVFHWfG4Q5AepErHk2Q==",
      "license": "Apache-2.0"
    },
    "node_modules/@types/node": {
      "resolved": "../../node_modules/.pnpm/@types+node@20.16.10/node_modules/@types/node",
      "link": true
    },
    "node_modules/prettier": {
      "resolved": "../../node_modules/.pnpm/prettier@3.3.3/node_modules/prettier",
      "link": true
    },
    "node_modules/tsup": {
      "resolved": "../../node_modules/.pnpm/tsup@8.3.0_@swc+core@1.7.26_jiti@2.0.0_postcss@8.4.47_typescript@5.6.2_yaml@2.5.1/node_modules/tsup",
      "link": true
    },
    "node_modules/typescript": {
      "resolved": "../../node_modules/.pnpm/typescript@5.6.2/node_modules/typescript",
      "link": true
    },
    "node_modules/viem": {
      "resolved": "../../node_modules/.pnpm/viem@2.21.16_typescript@5.6.2/node_modules/viem",
      "link": true
    }
  }
}
